
Microsoft Visual Studio Solution File, Format Version 12.00
# Visual Studio Version 17
VisualStudioVersion = 17.0.31903.59
MinimumVisualStudioVersion = 10.0.40219.1
Project("{2150E333-8FDC-42A3-9474-1A3956D46DE8}") = "src", "src", "{CCB978EF-3440-408F-9DC1-933493FB2FA5}"
EndProject
Project("{FAE04EC0-301F-11D3-BF4B-00C04F79EFBC}") = "InvoiceApp.Api", "src\InvoiceApp.Api\InvoiceApp.Api.csproj", "{77F3C3F1-44C1-47A2-96D7-39D3D61174B5}"
EndProject
Project("{2150E333-8FDC-42A3-9474-1A3956D46DE8}") = "tests", "tests", "{DD69168D-432D-41D8-8D6E-001437232F08}"
EndProject
Project("{FAE04EC0-301F-11D3-BF4B-00C04F79EFBC}") = "InvoiceApp.Tests", "tests\InvoiceApp.Tests\InvoiceApp.Tests.csproj", "{6D8443AB-1FA8-45F7-9D16-1B880536C718}"
EndProject
Global
	GlobalSection(SolutionConfigurationPlatforms) = preSolution
		Debug|Any CPU = Debug|Any CPU
		Release|Any CPU = Release|Any CPU
	EndGlobalSection
	GlobalSection(SolutionProperties) = preSolution
		HideSolutionNode = FALSE
	EndGlobalSection
	GlobalSection(ProjectConfigurationPlatforms) = postSolution
		{77F3C3F1-44C1-47A2-96D7-39D3D61174B5}.Debug|Any CPU.ActiveCfg = Debug|Any CPU
		{77F3C3F1-44C1-47A2-96D7-39D3D61174B5}.Debug|Any CPU.Build.0 = Debug|Any CPU
		{77F3C3F1-44C1-47A2-96D7-39D3D61174B5}.Release|Any CPU.ActiveCfg = Release|Any CPU
		{77F3C3F1-44C1-47A2-96D7-39D3D61174B5}.Release|Any CPU.Build.0 = Release|Any CPU
		{6D8443AB-1FA8-45F7-9D16-1B880536C718}.Debug|Any CPU.ActiveCfg = Debug|Any CPU
		{6D8443AB-1FA8-45F7-9D16-1B880536C718}.Debug|Any CPU.Build.0 = Debug|Any CPU
		{6D8443AB-1FA8-45F7-9D16-1B880536C718}.Release|Any CPU.ActiveCfg = Release|Any CPU
		{6D8443AB-1FA8-45F7-9D16-1B880536C718}.Release|Any CPU.Build.0 = Release|Any CPU
	EndGlobalSection
	GlobalSection(NestedProjects) = preSolution
		{77F3C3F1-44C1-47A2-96D7-39D3D61174B5} = {CCB978EF-3440-408F-9DC1-933493FB2FA5}
		{6D8443AB-1FA8-45F7-9D16-1B880536C718} = {DD69168D-432D-41D8-8D6E-001437232F08}
	EndGlobalSection
EndGlobal
